
Microsoft Visual Studio Solution File, Format Version 12.00
# Visual Studio Version 16
VisualStudioVersion = 16.0.29609.76
MinimumVisualStudioVersion = 10.0.40219.1
Project("{9A19103F-16F7-4668-BE54-9A1E7A4F7556}") = "Data", "Data\Data.csproj", "{3DA8E6BF-E92F-4AF0-B7A0-5F23C1F9C1A8}"
EndProject
Project("{9A19103F-16F7-4668-BE54-9A1E7A4F7556}") = "ConsoleApp", "ConsoleApp\ConsoleApp.csproj", "{A2B5B3C8-00EA-4450-9B2B-82DDBF2182D5}"
EndProject
Project("{9A19103F-16F7-4668-BE54-9A1E7A4F7556}") = "SeedDb", "Seed\SeedDb.csproj", "{3DAAD783-AA4A-4FAF-99F6-0C8ED73F1302}"
EndProject
Project("{9A19103F-16F7-4668-BE54-9A1E7A4F7556}") = "Services", "Services\Services.csproj", "{F972FA47-345E-43EB-AF7E-C5C0EA0A845E}"
EndProject
Project("{FAE04EC0-301F-11D3-BF4B-00C04F79EFBC}") = "WebApp", "WebApp\WebApp.csproj", "{8C8C0288-1023-42C6-82DA-8331CE032352}"
EndProject
Global
	GlobalSection(SolutionConfigurationPlatforms) = preSolution
		Debug|Any CPU = Debug|Any CPU
		Release|Any CPU = Release|Any CPU
	EndGlobalSection
	GlobalSection(ProjectConfigurationPlatforms) = postSolution
		{3DA8E6BF-E92F-4AF0-B7A0-5F23C1F9C1A8}.Debug|Any CPU.ActiveCfg = Debug|Any CPU
		{3DA8E6BF-E92F-4AF0-B7A0-5F23C1F9C1A8}.Debug|Any CPU.Build.0 = Debug|Any CPU
		{3DA8E6BF-E92F-4AF0-B7A0-5F23C1F9C1A8}.Release|Any CPU.ActiveCfg = Release|Any CPU
		{3DA8E6BF-E92F-4AF0-B7A0-5F23C1F9C1A8}.Release|Any CPU.Build.0 = Release|Any CPU
		{A2B5B3C8-00EA-4450-9B2B-82DDBF2182D5}.Debug|Any CPU.ActiveCfg = Debug|Any CPU
		{A2B5B3C8-00EA-4450-9B2B-82DDBF2182D5}.Debug|Any CPU.Build.0 = Debug|Any CPU
		{A2B5B3C8-00EA-4450-9B2B-82DDBF2182D5}.Release|Any CPU.ActiveCfg = Release|Any CPU
		{A2B5B3C8-00EA-4450-9B2B-82DDBF2182D5}.Release|Any CPU.Build.0 = Release|Any CPU
		{3DAAD783-AA4A-4FAF-99F6-0C8ED73F1302}.Debug|Any CPU.ActiveCfg = Debug|Any CPU
		{3DAAD783-AA4A-4FAF-99F6-0C8ED73F1302}.Debug|Any CPU.Build.0 = Debug|Any CPU
		{3DAAD783-AA4A-4FAF-99F6-0C8ED73F1302}.Release|Any CPU.ActiveCfg = Release|Any CPU
		{3DAAD783-AA4A-4FAF-99F6-0C8ED73F1302}.Release|Any CPU.Build.0 = Release|Any CPU
		{F972FA47-345E-43EB-AF7E-C5C0EA0A845E}.Debug|Any CPU.ActiveCfg = Debug|Any CPU
		{F972FA47-345E-43EB-AF7E-C5C0EA0A845E}.Debug|Any CPU.Build.0 = Debug|Any CPU
		{F972FA47-345E-43EB-AF7E-C5C0EA0A845E}.Release|Any CPU.ActiveCfg = Release|Any CPU
		{F972FA47-345E-43EB-AF7E-C5C0EA0A845E}.Release|Any CPU.Build.0 = Release|Any CPU
		{8C8C0288-1023-42C6-82DA-8331CE032352}.Debug|Any CPU.ActiveCfg = Debug|Any CPU
		{8C8C0288-1023-42C6-82DA-8331CE032352}.Debug|Any CPU.Build.0 = Debug|Any CPU
		{8C8C0288-1023-42C6-82DA-8331CE032352}.Release|Any CPU.ActiveCfg = Release|Any CPU
		{8C8C0288-1023-42C6-82DA-8331CE032352}.Release|Any CPU.Build.0 = Release|Any CPU
	EndGlobalSection
	GlobalSection(SolutionProperties) = preSolution
		HideSolutionNode = FALSE
	EndGlobalSection
	GlobalSection(ExtensibilityGlobals) = postSolution
		SolutionGuid = {6A597504-8304-4856-8F92-01FB39AF4ECF}
	EndGlobalSection
EndGlobal
